
Microsoft Visual Studio Solution File, Format Version 12.00
# Visual Studio 14
VisualStudioVersion = 14.0.25420.1
MinimumVisualStudioVersion = 10.0.40219.1
Project("{FAE04EC0-301F-11D3-BF4B-00C04F79EFBC}") = "TiburonMUD.Bot", "TiburonMUDBot\TiburonMUD.Bot.csproj", "{310C203B-CD1E-4C70-8CC2-74CF667390F3}"
EndProject
Project("{FAE04EC0-301F-11D3-BF4B-00C04F79EFBC}") = "TiburonMUD.Engine", "MudEngine\TiburonMUD.Engine.csproj", "{D7C7C2FC-8F71-4979-9D28-254B817C5298}"
EndProject
Global
	GlobalSection(SolutionConfigurationPlatforms) = preSolution
		Debug|Any CPU = Debug|Any CPU
		Release|Any CPU = Release|Any CPU
	EndGlobalSection
	GlobalSection(ProjectConfigurationPlatforms) = postSolution
		{310C203B-CD1E-4C70-8CC2-74CF667390F3}.Debug|Any CPU.ActiveCfg = Debug|Any CPU
		{310C203B-CD1E-4C70-8CC2-74CF667390F3}.Debug|Any CPU.Build.0 = Debug|Any CPU
		{310C203B-CD1E-4C70-8CC2-74CF667390F3}.Release|Any CPU.ActiveCfg = Release|Any CPU
		{310C203B-CD1E-4C70-8CC2-74CF667390F3}.Release|Any CPU.Build.0 = Release|Any CPU
		{D7C7C2FC-8F71-4979-9D28-254B817C5298}.Debug|Any CPU.ActiveCfg = Debug|Any CPU
		{D7C7C2FC-8F71-4979-9D28-254B817C5298}.Debug|Any CPU.Build.0 = Debug|Any CPU
		{D7C7C2FC-8F71-4979-9D28-254B817C5298}.Release|Any CPU.ActiveCfg = Release|Any CPU
		{D7C7C2FC-8F71-4979-9D28-254B817C5298}.Release|Any CPU.Build.0 = Release|Any CPU
	EndGlobalSection
	GlobalSection(SolutionProperties) = preSolution
		HideSolutionNode = FALSE
	EndGlobalSection
EndGlobal
